
Microsoft Visual Studio Solution File, Format Version 12.00
# Visual Studio Version 17
VisualStudioVersion = 17.13.35931.197 d17.13
MinimumVisualStudioVersion = 10.0.40219.1
Project("{FAE04EC0-301F-11D3-BF4B-00C04F79EFBC}") = "Synqra", "Synqra\Synqra.csproj", "{E8976F48-48BA-46D7-9B95-15A7061103BD}"
EndProject
Project("{FAE04EC0-301F-11D3-BF4B-00C04F79EFBC}") = "Synqra.Tests", "Synqra.Tests\Synqra.Tests.csproj", "{5BCEBEED-88B7-49FB-8FD8-B93E6AA324B3}"
EndProject
Global
	GlobalSection(SolutionConfigurationPlatforms) = preSolution
		Debug|Any CPU = Debug|Any CPU
		Release|Any CPU = Release|Any CPU
	EndGlobalSection
	GlobalSection(ProjectConfigurationPlatforms) = postSolution
		{E8976F48-48BA-46D7-9B95-15A7061103BD}.Debug|Any CPU.ActiveCfg = Debug|Any CPU
		{E8976F48-48BA-46D7-9B95-15A7061103BD}.Debug|Any CPU.Build.0 = Debug|Any CPU
		{E8976F48-48BA-46D7-9B95-15A7061103BD}.Release|Any CPU.ActiveCfg = Release|Any CPU
		{E8976F48-48BA-46D7-9B95-15A7061103BD}.Release|Any CPU.Build.0 = Release|Any CPU
		{5BCEBEED-88B7-49FB-8FD8-B93E6AA324B3}.Debug|Any CPU.ActiveCfg = Debug|Any CPU
		{5BCEBEED-88B7-49FB-8FD8-B93E6AA324B3}.Debug|Any CPU.Build.0 = Debug|Any CPU
		{5BCEBEED-88B7-49FB-8FD8-B93E6AA324B3}.Release|Any CPU.ActiveCfg = Release|Any CPU
		{5BCEBEED-88B7-49FB-8FD8-B93E6AA324B3}.Release|Any CPU.Build.0 = Release|Any CPU
	EndGlobalSection
	GlobalSection(SolutionProperties) = preSolution
		HideSolutionNode = FALSE
	EndGlobalSection
	GlobalSection(ExtensibilityGlobals) = postSolution
		SolutionGuid = {B771E5A2-6BE9-4340-BF65-4ED99CCDD586}
	EndGlobalSection
EndGlobal
