
Microsoft Visual Studio Solution File, Format Version 12.00
# Visual Studio Version 18
VisualStudioVersion = 18.0.11205.157
MinimumVisualStudioVersion = 10.0.40219.1
Project("{FAE04EC0-301F-11D3-BF4B-00C04F79EFBC}") = "Synqra", "Synqra\Synqra.csproj", "{E8976F48-48BA-46D7-9B95-15A7061103BD}"
EndProject
Project("{FAE04EC0-301F-11D3-BF4B-00C04F79EFBC}") = "Synqra.Storage.Jsonl", "Synqra.Storage.Jsonl\Synqra.Storage.Jsonl.csproj", "{F4583ADE-733D-4AF1-A006-28690DEF67D1}"
EndProject
Project("{2150E333-8FDC-42A3-9474-1A3956D46DE8}") = "Tests", "Tests", "{02EA681E-C7D8-13C7-8484-4AC65E1B71E8}"
	ProjectSection(SolutionItems) = preProject
		Tests\Directory.Build.Props = Tests\Directory.Build.Props
	EndProjectSection
EndProject
Project("{FAE04EC0-301F-11D3-BF4B-00C04F79EFBC}") = "Synqra.Tests.TestHelpers", "Tests\Synqra.Tests.TestHelpers\Synqra.Tests.TestHelpers.csproj", "{12AC2490-03BF-4817-9E85-6243FFD08EF0}"
EndProject
Project("{FAE04EC0-301F-11D3-BF4B-00C04F79EFBC}") = "Synqra.Tests", "Tests\Synqra.Tests\Synqra.Tests.csproj", "{0CE8AB7C-05DF-4516-9CCF-4F3E8217DCD5}"
EndProject
Project("{2150E333-8FDC-42A3-9474-1A3956D46DE8}") = "Solution Items", "Solution Items", "{D107F4C8-89CC-BEA8-D3D7-CA6B7733353D}"
	ProjectSection(SolutionItems) = preProject
		.dockerignore = .dockerignore
		.gitattributes = .gitattributes
		.gitignore = .gitignore
		aot.cmd = aot.cmd
		Directory.Build.props = Directory.Build.props
		Dockerfile = Dockerfile
		global.json = global.json
		readme.md = readme.md
	EndProjectSection
EndProject
Project("{FAE04EC0-301F-11D3-BF4B-00C04F79EFBC}") = "Synqra.Storage.Mongo", "Synqra.Storage.Mongo\Synqra.Storage.Mongo.csproj", "{BA3C02A5-0098-4997-9EC0-A6778A602451}"
EndProject
Project("{FAE04EC0-301F-11D3-BF4B-00C04F79EFBC}") = "Synqra.Storage.EfSqlite", "Synqra.Storage.EfSqlite\Synqra.Storage.EfSqlite.csproj", "{E427D7EE-11FA-490B-B8AB-79E49BC5F6D5}"
EndProject
Project("{FAE04EC0-301F-11D3-BF4B-00C04F79EFBC}") = "Synqra.Store.InMemory", "Synqra.Store.InMemory\Synqra.Store.InMemory.csproj", "{58DCD1FC-CCB1-4EB4-9790-F0CE6B622D03}"
EndProject
Project("{FAE04EC0-301F-11D3-BF4B-00C04F79EFBC}") = "Synqra.Store.Mongo", "Synqra.Store.Mongo\Synqra.Store.Mongo.csproj", "{D37BB66E-80A6-468C-8F53-5DAF86108391}"
EndProject
Project("{FAE04EC0-301F-11D3-BF4B-00C04F79EFBC}") = "Synqra.CodeGeneration", "Synqra.CodeGeneration\Synqra.CodeGeneration.csproj", "{BCCE03CF-C78F-4A80-909C-475BE3F6FE15}"
EndProject
Project("{FAE04EC0-301F-11D3-BF4B-00C04F79EFBC}") = "Synqra.Model", "Synqra.Model\Synqra.Model.csproj", "{46C4CB13-0B54-42D7-9D8D-8F3B31FBDDF1}"
EndProject
Project("{FAE04EC0-301F-11D3-BF4B-00C04F79EFBC}") = "Synqra.Utils", "Synqra.Utils\Synqra.Utils.csproj", "{E2E448AD-28E6-16C4-BA93-22C51CC3F47E}"
EndProject
Project("{FAE04EC0-301F-11D3-BF4B-00C04F79EFBC}") = "Synqra.BinarySerializer", "Synqra.BinarySerializer\Synqra.BinarySerializer.csproj", "{CE411BC9-CA6B-4256-889B-F200153C9DBB}"
EndProject
Project("{FAE04EC0-301F-11D3-BF4B-00C04F79EFBC}") = "Synqra.Tests.MiniModel", "Tests\Synqra.Tests.MiniModel\Synqra.Tests.MiniModel.csproj", "{63BFB627-1668-49E9-8E55-44080C178EEF}"
EndProject
Project("{FAE04EC0-301F-11D3-BF4B-00C04F79EFBC}") = "Synqra.SourceGenerator.Tests", "Synqra.SourceGenerator.Tests\Synqra.SourceGenerator.Tests.csproj", "{40532983-0666-47A1-953E-20CA0CDAB12F}"
EndProject
Project("{FAE04EC0-301F-11D3-BF4B-00C04F79EFBC}") = "Synqra.CoreModel", "Synqra.CoreModel\Synqra.CoreModel.csproj", "{A77980EA-3119-4CF2-8915-F01A01655CDD}"
EndProject
Project("{FAE04EC0-301F-11D3-BF4B-00C04F79EFBC}") = "Synqra.Utils.Tests", "Synqra.Utils.Tests\Synqra.Utils.Tests.csproj", "{602A0B6D-D0E2-41ED-9B5B-8EBFE19CE132}"
EndProject
Project("{FAE04EC0-301F-11D3-BF4B-00C04F79EFBC}") = "Synqra.Storage.Sbx", "Synqra.Storage.Sbx\Synqra.Storage.Sbx.csproj", "{858CA5B3-30C3-4873-BA09-4BD168E1F113}"
EndProject
Global
	GlobalSection(SolutionConfigurationPlatforms) = preSolution
		Debug|Any CPU = Debug|Any CPU
		Release|Any CPU = Release|Any CPU
	EndGlobalSection
	GlobalSection(ProjectConfigurationPlatforms) = postSolution
		{E8976F48-48BA-46D7-9B95-15A7061103BD}.Debug|Any CPU.ActiveCfg = Debug|Any CPU
		{E8976F48-48BA-46D7-9B95-15A7061103BD}.Debug|Any CPU.Build.0 = Debug|Any CPU
		{E8976F48-48BA-46D7-9B95-15A7061103BD}.Release|Any CPU.ActiveCfg = Release|Any CPU
		{E8976F48-48BA-46D7-9B95-15A7061103BD}.Release|Any CPU.Build.0 = Release|Any CPU
		{F4583ADE-733D-4AF1-A006-28690DEF67D1}.Debug|Any CPU.ActiveCfg = Debug|Any CPU
		{F4583ADE-733D-4AF1-A006-28690DEF67D1}.Debug|Any CPU.Build.0 = Debug|Any CPU
		{F4583ADE-733D-4AF1-A006-28690DEF67D1}.Release|Any CPU.ActiveCfg = Release|Any CPU
		{F4583ADE-733D-4AF1-A006-28690DEF67D1}.Release|Any CPU.Build.0 = Release|Any CPU
		{12AC2490-03BF-4817-9E85-6243FFD08EF0}.Debug|Any CPU.ActiveCfg = Debug|Any CPU
		{12AC2490-03BF-4817-9E85-6243FFD08EF0}.Debug|Any CPU.Build.0 = Debug|Any CPU
		{12AC2490-03BF-4817-9E85-6243FFD08EF0}.Release|Any CPU.ActiveCfg = Release|Any CPU
		{12AC2490-03BF-4817-9E85-6243FFD08EF0}.Release|Any CPU.Build.0 = Release|Any CPU
		{0CE8AB7C-05DF-4516-9CCF-4F3E8217DCD5}.Debug|Any CPU.ActiveCfg = Debug|Any CPU
		{0CE8AB7C-05DF-4516-9CCF-4F3E8217DCD5}.Debug|Any CPU.Build.0 = Debug|Any CPU
		{0CE8AB7C-05DF-4516-9CCF-4F3E8217DCD5}.Release|Any CPU.ActiveCfg = Release|Any CPU
		{0CE8AB7C-05DF-4516-9CCF-4F3E8217DCD5}.Release|Any CPU.Build.0 = Release|Any CPU
		{BA3C02A5-0098-4997-9EC0-A6778A602451}.Debug|Any CPU.ActiveCfg = Debug|Any CPU
		{BA3C02A5-0098-4997-9EC0-A6778A602451}.Debug|Any CPU.Build.0 = Debug|Any CPU
		{BA3C02A5-0098-4997-9EC0-A6778A602451}.Release|Any CPU.ActiveCfg = Release|Any CPU
		{BA3C02A5-0098-4997-9EC0-A6778A602451}.Release|Any CPU.Build.0 = Release|Any CPU
		{E427D7EE-11FA-490B-B8AB-79E49BC5F6D5}.Debug|Any CPU.ActiveCfg = Debug|Any CPU
		{E427D7EE-11FA-490B-B8AB-79E49BC5F6D5}.Debug|Any CPU.Build.0 = Debug|Any CPU
		{E427D7EE-11FA-490B-B8AB-79E49BC5F6D5}.Release|Any CPU.ActiveCfg = Release|Any CPU
		{E427D7EE-11FA-490B-B8AB-79E49BC5F6D5}.Release|Any CPU.Build.0 = Release|Any CPU
		{58DCD1FC-CCB1-4EB4-9790-F0CE6B622D03}.Debug|Any CPU.ActiveCfg = Debug|Any CPU
		{58DCD1FC-CCB1-4EB4-9790-F0CE6B622D03}.Debug|Any CPU.Build.0 = Debug|Any CPU
		{58DCD1FC-CCB1-4EB4-9790-F0CE6B622D03}.Release|Any CPU.ActiveCfg = Release|Any CPU
		{58DCD1FC-CCB1-4EB4-9790-F0CE6B622D03}.Release|Any CPU.Build.0 = Release|Any CPU
		{D37BB66E-80A6-468C-8F53-5DAF86108391}.Debug|Any CPU.ActiveCfg = Debug|Any CPU
		{D37BB66E-80A6-468C-8F53-5DAF86108391}.Debug|Any CPU.Build.0 = Debug|Any CPU
		{D37BB66E-80A6-468C-8F53-5DAF86108391}.Release|Any CPU.ActiveCfg = Release|Any CPU
		{D37BB66E-80A6-468C-8F53-5DAF86108391}.Release|Any CPU.Build.0 = Release|Any CPU
		{BCCE03CF-C78F-4A80-909C-475BE3F6FE15}.Debug|Any CPU.ActiveCfg = Debug|Any CPU
		{BCCE03CF-C78F-4A80-909C-475BE3F6FE15}.Debug|Any CPU.Build.0 = Debug|Any CPU
		{BCCE03CF-C78F-4A80-909C-475BE3F6FE15}.Release|Any CPU.ActiveCfg = Release|Any CPU
		{BCCE03CF-C78F-4A80-909C-475BE3F6FE15}.Release|Any CPU.Build.0 = Release|Any CPU
		{46C4CB13-0B54-42D7-9D8D-8F3B31FBDDF1}.Debug|Any CPU.ActiveCfg = Debug|Any CPU
		{46C4CB13-0B54-42D7-9D8D-8F3B31FBDDF1}.Debug|Any CPU.Build.0 = Debug|Any CPU
		{46C4CB13-0B54-42D7-9D8D-8F3B31FBDDF1}.Release|Any CPU.ActiveCfg = Release|Any CPU
		{46C4CB13-0B54-42D7-9D8D-8F3B31FBDDF1}.Release|Any CPU.Build.0 = Release|Any CPU
		{E2E448AD-28E6-16C4-BA93-22C51CC3F47E}.Debug|Any CPU.ActiveCfg = Debug|Any CPU
		{E2E448AD-28E6-16C4-BA93-22C51CC3F47E}.Debug|Any CPU.Build.0 = Debug|Any CPU
		{E2E448AD-28E6-16C4-BA93-22C51CC3F47E}.Release|Any CPU.ActiveCfg = Release|Any CPU
		{E2E448AD-28E6-16C4-BA93-22C51CC3F47E}.Release|Any CPU.Build.0 = Release|Any CPU
		{CE411BC9-CA6B-4256-889B-F200153C9DBB}.Debug|Any CPU.ActiveCfg = Debug|Any CPU
		{CE411BC9-CA6B-4256-889B-F200153C9DBB}.Debug|Any CPU.Build.0 = Debug|Any CPU
		{CE411BC9-CA6B-4256-889B-F200153C9DBB}.Release|Any CPU.ActiveCfg = Release|Any CPU
		{CE411BC9-CA6B-4256-889B-F200153C9DBB}.Release|Any CPU.Build.0 = Release|Any CPU
		{63BFB627-1668-49E9-8E55-44080C178EEF}.Debug|Any CPU.ActiveCfg = Debug|Any CPU
		{63BFB627-1668-49E9-8E55-44080C178EEF}.Debug|Any CPU.Build.0 = Debug|Any CPU
		{63BFB627-1668-49E9-8E55-44080C178EEF}.Release|Any CPU.ActiveCfg = Release|Any CPU
		{63BFB627-1668-49E9-8E55-44080C178EEF}.Release|Any CPU.Build.0 = Release|Any CPU
		{40532983-0666-47A1-953E-20CA0CDAB12F}.Debug|Any CPU.ActiveCfg = Debug|Any CPU
		{40532983-0666-47A1-953E-20CA0CDAB12F}.Debug|Any CPU.Build.0 = Debug|Any CPU
		{40532983-0666-47A1-953E-20CA0CDAB12F}.Release|Any CPU.ActiveCfg = Release|Any CPU
		{40532983-0666-47A1-953E-20CA0CDAB12F}.Release|Any CPU.Build.0 = Release|Any CPU
		{A77980EA-3119-4CF2-8915-F01A01655CDD}.Debug|Any CPU.ActiveCfg = Debug|Any CPU
		{A77980EA-3119-4CF2-8915-F01A01655CDD}.Debug|Any CPU.Build.0 = Debug|Any CPU
		{A77980EA-3119-4CF2-8915-F01A01655CDD}.Release|Any CPU.ActiveCfg = Release|Any CPU
		{A77980EA-3119-4CF2-8915-F01A01655CDD}.Release|Any CPU.Build.0 = Release|Any CPU
		{602A0B6D-D0E2-41ED-9B5B-8EBFE19CE132}.Debug|Any CPU.ActiveCfg = Debug|Any CPU
		{602A0B6D-D0E2-41ED-9B5B-8EBFE19CE132}.Debug|Any CPU.Build.0 = Debug|Any CPU
		{602A0B6D-D0E2-41ED-9B5B-8EBFE19CE132}.Release|Any CPU.ActiveCfg = Release|Any CPU
		{602A0B6D-D0E2-41ED-9B5B-8EBFE19CE132}.Release|Any CPU.Build.0 = Release|Any CPU
		{858CA5B3-30C3-4873-BA09-4BD168E1F113}.Debug|Any CPU.ActiveCfg = Debug|Any CPU
		{858CA5B3-30C3-4873-BA09-4BD168E1F113}.Debug|Any CPU.Build.0 = Debug|Any CPU
		{858CA5B3-30C3-4873-BA09-4BD168E1F113}.Release|Any CPU.ActiveCfg = Release|Any CPU
		{858CA5B3-30C3-4873-BA09-4BD168E1F113}.Release|Any CPU.Build.0 = Release|Any CPU
	EndGlobalSection
	GlobalSection(SolutionProperties) = preSolution
		HideSolutionNode = FALSE
	EndGlobalSection
	GlobalSection(NestedProjects) = preSolution
		{12AC2490-03BF-4817-9E85-6243FFD08EF0} = {02EA681E-C7D8-13C7-8484-4AC65E1B71E8}
		{0CE8AB7C-05DF-4516-9CCF-4F3E8217DCD5} = {02EA681E-C7D8-13C7-8484-4AC65E1B71E8}
		{63BFB627-1668-49E9-8E55-44080C178EEF} = {02EA681E-C7D8-13C7-8484-4AC65E1B71E8}
		{40532983-0666-47A1-953E-20CA0CDAB12F} = {02EA681E-C7D8-13C7-8484-4AC65E1B71E8}
	EndGlobalSection
	GlobalSection(ExtensibilityGlobals) = postSolution
		SolutionGuid = {B771E5A2-6BE9-4340-BF65-4ED99CCDD586}
	EndGlobalSection
EndGlobal
